
Microsoft Visual Studio Solution File, Format Version 12.00
# Visual Studio 15
VisualStudioVersion = 15.0.27004.2002
MinimumVisualStudioVersion = 10.0.40219.1
Project("{FAE04EC0-301F-11D3-BF4B-00C04F79EFBC}") = "HidroRemonti", "HidroRemonti\HidroRemonti.csproj", "{6AFB6B85-312F-4293-A20C-73743F1134B2}"
EndProject
Global
	GlobalSection(SolutionConfigurationPlatforms) = preSolution
		Debug|Any CPU = Debug|Any CPU
		Release|Any CPU = Release|Any CPU
	EndGlobalSection
	GlobalSection(ProjectConfigurationPlatforms) = postSolution
		{6AFB6B85-312F-4293-A20C-73743F1134B2}.Debug|Any CPU.ActiveCfg = Debug|Any CPU
		{6AFB6B85-312F-4293-A20C-73743F1134B2}.Debug|Any CPU.Build.0 = Debug|Any CPU
		{6AFB6B85-312F-4293-A20C-73743F1134B2}.Release|Any CPU.ActiveCfg = Release|Any CPU
		{6AFB6B85-312F-4293-A20C-73743F1134B2}.Release|Any CPU.Build.0 = Release|Any CPU
	EndGlobalSection
	GlobalSection(SolutionProperties) = preSolution
		HideSolutionNode = FALSE
	EndGlobalSection
	GlobalSection(ExtensibilityGlobals) = postSolution
		SolutionGuid = {B38F313F-DB98-43FD-8349-EA2FBC6CA27A}
	EndGlobalSection
EndGlobal
